
Microsoft Visual Studio Solution File, Format Version 12.00
# Visual Studio Version 17
VisualStudioVersion = 17.4.33213.308
MinimumVisualStudioVersion = 10.0.40219.1
Project("{9A19103F-16F7-4668-BE54-9A1E7A4F7556}") = "ParkingSystem", "ParkingLot\ParkingSystem.csproj", "{CC461F50-895B-4510-9101-1B7AD27B90FD}"
EndProject
Project("{FAE04EC0-301F-11D3-BF4B-00C04F79EFBC}") = "ParkingConsoleApp", "ParkingConsoleApp\ParkingConsoleApp.csproj", "{94D59317-209D-4A89-B295-7707135B16DC}"
EndProject
Global
	GlobalSection(SolutionConfigurationPlatforms) = preSolution
		Debug|Any CPU = Debug|Any CPU
		Release|Any CPU = Release|Any CPU
	EndGlobalSection
	GlobalSection(ProjectConfigurationPlatforms) = postSolution
		{CC461F50-895B-4510-9101-1B7AD27B90FD}.Debug|Any CPU.ActiveCfg = Debug|Any CPU
		{CC461F50-895B-4510-9101-1B7AD27B90FD}.Debug|Any CPU.Build.0 = Debug|Any CPU
		{CC461F50-895B-4510-9101-1B7AD27B90FD}.Release|Any CPU.ActiveCfg = Release|Any CPU
		{CC461F50-895B-4510-9101-1B7AD27B90FD}.Release|Any CPU.Build.0 = Release|Any CPU
		{94D59317-209D-4A89-B295-7707135B16DC}.Debug|Any CPU.ActiveCfg = Debug|Any CPU
		{94D59317-209D-4A89-B295-7707135B16DC}.Debug|Any CPU.Build.0 = Debug|Any CPU
		{94D59317-209D-4A89-B295-7707135B16DC}.Release|Any CPU.ActiveCfg = Release|Any CPU
		{94D59317-209D-4A89-B295-7707135B16DC}.Release|Any CPU.Build.0 = Release|Any CPU
	EndGlobalSection
	GlobalSection(SolutionProperties) = preSolution
		HideSolutionNode = FALSE
	EndGlobalSection
	GlobalSection(ExtensibilityGlobals) = postSolution
		SolutionGuid = {003ED92E-6F7D-406F-9156-E695E91E07A2}
	EndGlobalSection
EndGlobal
